
Microsoft Visual Studio Solution File, Format Version 12.00
# Visual Studio Version 16
VisualStudioVersion = 16.0.30002.166
MinimumVisualStudioVersion = 10.0.40219.1
Project("{FAE04EC0-301F-11D3-BF4B-00C04F79EFBC}") = "UpgradeSuitsNoMakeCollection", "UpgradeSuitsNoMakeCollection.csproj", "{A6FF5FFD-D54F-41CB-938D-A4C1EDB2F606}"
EndProject
Global
	GlobalSection(SolutionConfigurationPlatforms) = preSolution
		Debug|Any CPU = Debug|Any CPU
		Release|Any CPU = Release|Any CPU
	EndGlobalSection
	GlobalSection(ProjectConfigurationPlatforms) = postSolution
		{A6FF5FFD-D54F-41CB-938D-A4C1EDB2F606}.Debug|Any CPU.ActiveCfg = Debug|Any CPU
		{A6FF5FFD-D54F-41CB-938D-A4C1EDB2F606}.Debug|Any CPU.Build.0 = Debug|Any CPU
		{A6FF5FFD-D54F-41CB-938D-A4C1EDB2F606}.Release|Any CPU.ActiveCfg = Release|Any CPU
		{A6FF5FFD-D54F-41CB-938D-A4C1EDB2F606}.Release|Any CPU.Build.0 = Release|Any CPU
	EndGlobalSection
	GlobalSection(SolutionProperties) = preSolution
		HideSolutionNode = FALSE
	EndGlobalSection
	GlobalSection(ExtensibilityGlobals) = postSolution
		SolutionGuid = {FF01C8AF-72F6-4784-BD27-584A71CFF6AF}
	EndGlobalSection
EndGlobal
